
Microsoft Visual Studio Solution File, Format Version 12.00
# Visual Studio Version 17
VisualStudioVersion = 17.2.32519.379
MinimumVisualStudioVersion = 10.0.40219.1
Project("{FAE04EC0-301F-11D3-BF4B-00C04F79EFBC}") = "pryPeraltaGasparIE", "pryPeraltaGasparIE.csproj", "{9003F132-5FF3-4EA4-8601-3972398E2257}"
EndProject
Global
	GlobalSection(SolutionConfigurationPlatforms) = preSolution
		Debug|Any CPU = Debug|Any CPU
		Release|Any CPU = Release|Any CPU
	EndGlobalSection
	GlobalSection(ProjectConfigurationPlatforms) = postSolution
		{9003F132-5FF3-4EA4-8601-3972398E2257}.Debug|Any CPU.ActiveCfg = Debug|Any CPU
		{9003F132-5FF3-4EA4-8601-3972398E2257}.Debug|Any CPU.Build.0 = Debug|Any CPU
		{9003F132-5FF3-4EA4-8601-3972398E2257}.Release|Any CPU.ActiveCfg = Release|Any CPU
		{9003F132-5FF3-4EA4-8601-3972398E2257}.Release|Any CPU.Build.0 = Release|Any CPU
	EndGlobalSection
	GlobalSection(SolutionProperties) = preSolution
		HideSolutionNode = FALSE
	EndGlobalSection
	GlobalSection(ExtensibilityGlobals) = postSolution
		SolutionGuid = {6D321EBF-F597-499C-BAA9-BC03C9AF069C}
	EndGlobalSection
EndGlobal
